
Microsoft Visual Studio Solution File, Format Version 11.00
# Visual Studio 2010
Project("{FAE04EC0-301F-11D3-BF4B-00C04F79EFBC}") = "TimeSpanExtensions", "TimeSpanExtensions\TimeSpanExtensions.csproj", "{29C65245-B926-49C7-86B0-45CB8F3F2A3E}"
EndProject
Project("{FAE04EC0-301F-11D3-BF4B-00C04F79EFBC}") = "TimeSpanExtensions.Test", "TimeSpanExtensions.Test\TimeSpanExtensions.Test.csproj", "{13865E6E-A9F4-44B5-BFE5-B34629A31B70}"
EndProject
Project("{2150E333-8FDC-42A3-9474-1A3956D46DE8}") = "Solution Items", "Solution Items", "{819F460D-BD89-4308-BBF4-2123FCF39D72}"
	ProjectSection(SolutionItems) = preProject
		Local.testsettings = Local.testsettings
		TimeSpanExtensions.vsmdi = TimeSpanExtensions.vsmdi
		TraceAndTestImpact.testsettings = TraceAndTestImpact.testsettings
	EndProjectSection
EndProject
Global
	GlobalSection(TestCaseManagementSettings) = postSolution
		CategoryFile = TimeSpanExtensions.vsmdi
	EndGlobalSection
	GlobalSection(SolutionConfigurationPlatforms) = preSolution
		Debug|Any CPU = Debug|Any CPU
		Release|Any CPU = Release|Any CPU
	EndGlobalSection
	GlobalSection(ProjectConfigurationPlatforms) = postSolution
		{29C65245-B926-49C7-86B0-45CB8F3F2A3E}.Debug|Any CPU.ActiveCfg = Debug|Any CPU
		{29C65245-B926-49C7-86B0-45CB8F3F2A3E}.Debug|Any CPU.Build.0 = Debug|Any CPU
		{29C65245-B926-49C7-86B0-45CB8F3F2A3E}.Release|Any CPU.ActiveCfg = Release|Any CPU
		{29C65245-B926-49C7-86B0-45CB8F3F2A3E}.Release|Any CPU.Build.0 = Release|Any CPU
		{13865E6E-A9F4-44B5-BFE5-B34629A31B70}.Debug|Any CPU.ActiveCfg = Debug|Any CPU
		{13865E6E-A9F4-44B5-BFE5-B34629A31B70}.Debug|Any CPU.Build.0 = Debug|Any CPU
		{13865E6E-A9F4-44B5-BFE5-B34629A31B70}.Release|Any CPU.ActiveCfg = Release|Any CPU
		{13865E6E-A9F4-44B5-BFE5-B34629A31B70}.Release|Any CPU.Build.0 = Release|Any CPU
	EndGlobalSection
	GlobalSection(SolutionProperties) = preSolution
		HideSolutionNode = FALSE
	EndGlobalSection
EndGlobal
